// !$*UTF8*$!
{
	archiveVersion = 1;
	classes = {
	};
	objectVersion = 77;
	objects = {

/* Begin PBXBuildFile section */
		51E4CFE82FFCF76100DE64B5 /* LowCodeMobile in Frameworks */ = {isa = PBXBuildFile; productRef = 51E4CFE72FFCF76100DE64B5 /* LowCodeMobile */; };
		51EAFF992FB325E500C0B70C /* SalesforceHelpers.swift in Sources */ = {isa = PBXBuildFile; fileRef = 51EAFF982FB325D700C0B70C /* SalesforceHelpers.swift */; };
		AA0100012E000001E71CAD01 /* Restaurant.swift in Sources */ = {isa = PBXBuildFile; fileRef = AA0100002E000000E71CAD01 /* Restaurant.swift */; };
		AA0100032E000003E71CAD03 /* HomeCuisineFilterBar.swift in Sources */ = {isa = PBXBuildFile; fileRef = AA0100022E000002E71CAD02 /* HomeCuisineFilterBar.swift */; };
		AA0100052E000005E71CAD05 /* HomeRestaurantGrid.swift in Sources */ = {isa = PBXBuildFile; fileRef = AA0100042E000004E71CAD04 /* HomeRestaurantGrid.swift */; };
		E601666D2E85883F00E71CAD /* ContentView.swift in Sources */ = {isa = PBXBuildFile; fileRef = E60166692E85883F00E71CAD /* ContentView.swift */; };
		E601666E2E85883F00E71CAD /* ProntoFoodDeliveryAppApp.swift in Sources */ = {isa = PBXBuildFile; fileRef = E601666B2E85883F00E71CAD /* ProntoFoodDeliveryAppApp.swift */; };
		E601676B2E8591A300E71CAD /* MVVM.md in Resources */ = {isa = PBXBuildFile; fileRef = E60167652E8591A300E71CAD /* MVVM.md */; };
		E601676C2E8591A300E71CAD /* PROJECT_STRUCTURE.md in Resources */ = {isa = PBXBuildFile; fileRef = E60167692E8591A300E71CAD /* PROJECT_STRUCTURE.md */; };
		E601676D2E8591A300E71CAD /* Salesforce.md in Resources */ = {isa = PBXBuildFile; fileRef = E60167672E8591A300E71CAD /* Salesforce.md */; };
		E60167862E870C8000E71CAD /* LiquidGlassTabView.swift in Sources */ = {isa = PBXBuildFile; fileRef = E60167832E870C8000E71CAD /* LiquidGlassTabView.swift */; };
		E601678F2E870CC500E71CAD /* HomeView.swift in Sources */ = {isa = PBXBuildFile; fileRef = E601678E2E870CC500E71CAD /* HomeView.swift */; };
		E60167902E870CC500E71CAD /* HomeHeaderView.swift in Sources */ = {isa = PBXBuildFile; fileRef = E601678C2E870CC500E71CAD /* HomeHeaderView.swift */; };
		E60167922E870CC500E71CAD /* HomeCategoryBarView.swift in Sources */ = {isa = PBXBuildFile; fileRef = E601678B2E870CC500E71CAD /* HomeCategoryBarView.swift */; };
		E60167932E870CC500E71CAD /* HomePromoCardView.swift in Sources */ = {isa = PBXBuildFile; fileRef = E601678D2E870CC500E71CAD /* HomePromoCardView.swift */; };
		E60167952E870CE000E71CAD /* CategoryModel.swift in Sources */ = {isa = PBXBuildFile; fileRef = E60167942E870CE000E71CAD /* CategoryModel.swift */; };
		E60167972E870D1700E71CAD /* SearchView.swift in Sources */ = {isa = PBXBuildFile; fileRef = E60167962E870D1700E71CAD /* SearchView.swift */; };
		E601679A2E870D2E00E71CAD /* FavoritesView.swift in Sources */ = {isa = PBXBuildFile; fileRef = E60167982E870D2E00E71CAD /* FavoritesView.swift */; };
		E601679B2E870D2E00E71CAD /* ProfileView.swift in Sources */ = {isa = PBXBuildFile; fileRef = E60167992E870D2E00E71CAD /* ProfileView.swift */; };
		E657A7662EAACCCD00FBF948 /* DataCloudService.swift in Sources */ = {isa = PBXBuildFile; fileRef = E657A7642EAACCCD00FBF948 /* DataCloudService.swift */; };
		E657A7672EAACCCD00FBF948 /* DataCloudTrackable.swift in Sources */ = {isa = PBXBuildFile; fileRef = E657A7652EAACCCD00FBF948 /* DataCloudTrackable.swift */; };
		E657A7682EAACCCD00FBF948 /* DataCloudConfiguration.swift in Sources */ = {isa = PBXBuildFile; fileRef = E657A7632EAACCCD00FBF948 /* DataCloudConfiguration.swift */; };
		E657A7742EAACD9D00FBF948 /* DataCloudEvent.swift in Sources */ = {isa = PBXBuildFile; fileRef = E657A7702EAACD9D00FBF948 /* DataCloudEvent.swift */; };
		E657A7752EAACD9D00FBF948 /* EngagementEvents.swift in Sources */ = {isa = PBXBuildFile; fileRef = E657A7712EAACD9D00FBF948 /* EngagementEvents.swift */; };
		E657A7762EAACD9D00FBF948 /* ProfileEvents.swift in Sources */ = {isa = PBXBuildFile; fileRef = E657A7722EAACD9D00FBF948 /* ProfileEvents.swift */; };
		E657A77A2EAACE0500FBF948 /* CartViewModel.swift in Sources */ = {isa = PBXBuildFile; fileRef = E657A7792EAACE0500FBF948 /* CartViewModel.swift */; };
		E657A77C2EAACE1600FBF948 /* OrderViewModel.swift in Sources */ = {isa = PBXBuildFile; fileRef = E657A77B2EAACE1600FBF948 /* OrderViewModel.swift */; };
		E657A77E2EAACE2200FBF948 /* ProfileViewModel.swift in Sources */ = {isa = PBXBuildFile; fileRef = E657A77D2EAACE2200FBF948 /* ProfileViewModel.swift */; };
		E657A7952EAC027A00FBF948 /* SettingsView.swift in Sources */ = {isa = PBXBuildFile; fileRef = E657A7942EAC027A00FBF948 /* SettingsView.swift */; };
		E657A7972EAC02AE00FBF948 /* CredentialsManager.swift in Sources */ = {isa = PBXBuildFile; fileRef = E657A7962EAC02AE00FBF948 /* CredentialsManager.swift */; };
		E657A83A2EAFC8E900FBF948 /* LocationService.swift in Sources */ = {isa = PBXBuildFile; fileRef = E657A8392EAFC8E900FBF948 /* LocationService.swift */; };
		E657A83F2EAFC96100FBF948 /* ConsentView.swift in Sources */ = {isa = PBXBuildFile; fileRef = E657A83C2EAFC96100FBF948 /* ConsentView.swift */; };
		E657A8402EAFC96100FBF948 /* ConsentStatusView.swift in Sources */ = {isa = PBXBuildFile; fileRef = E657A83B2EAFC96100FBF948 /* ConsentStatusView.swift */; };
		E657A8412EAFC96100FBF948 /* LocationPermissionView.swift in Sources */ = {isa = PBXBuildFile; fileRef = E657A83D2EAFC96100FBF948 /* LocationPermissionView.swift */; };
		E657A8422EAFC96100FBF948 /* LocationStatusView.swift in Sources */ = {isa = PBXBuildFile; fileRef = E657A83E2EAFC96100FBF948 /* LocationStatusView.swift */; };
		E657A84E2EB0042D00FBF948 /* EngagementTrackingService.swift in Sources */ = {isa = PBXBuildFile; fileRef = E657A84D2EB0042D00FBF948 /* EngagementTrackingService.swift */; };
		E657A8522EB007D400FBF948 /* ProfileDataService.swift in Sources */ = {isa = PBXBuildFile; fileRef = E657A8502EB007D400FBF948 /* ProfileDataService.swift */; };
		E657A8582EB007E300FBF948 /* LocationTrackingService.swift in Sources */ = {isa = PBXBuildFile; fileRef = E657A8572EB007E300FBF948 /* LocationTrackingService.swift */; };
		E657A85A2EB007E300FBF948 /* ConsentService.swift in Sources */ = {isa = PBXBuildFile; fileRef = E657A8542EB007E300FBF948 /* ConsentService.swift */; };
		E657A85B2EB007E300FBF948 /* DataCloudLoggingService.swift in Sources */ = {isa = PBXBuildFile; fileRef = E657A8562EB007E300FBF948 /* DataCloudLoggingService.swift */; };
		E657A85D2EB00C2600FBF948 /* IdentityFormViewModel.swift in Sources */ = {isa = PBXBuildFile; fileRef = E657A85C2EB00C2600FBF948 /* IdentityFormViewModel.swift */; };
		E657A85F2EB00C4100FBF948 /* IdentityFormView.swift in Sources */ = {isa = PBXBuildFile; fileRef = E657A85E2EB00C4100FBF948 /* IdentityFormView.swift */; };
		E657A8612EB2669000FBF948 /* Product.swift in Sources */ = {isa = PBXBuildFile; fileRef = E657A8602EB2669000FBF948 /* Product.swift */; };
		E657A8632EB2775400FBF948 /* StoreFronts.swift in Sources */ = {isa = PBXBuildFile; fileRef = E657A8622EB2775400FBF948 /* StoreFronts.swift */; };
		E657A8652EB2782200FBF948 /* SearchViewModel.swift in Sources */ = {isa = PBXBuildFile; fileRef = E657A8642EB2782200FBF948 /* SearchViewModel.swift */; };
		E657A87F2EB285AF00FBF948 /* UserDataGraphView.swift in Sources */ = {isa = PBXBuildFile; fileRef = E657A87E2EB285AF00FBF948 /* UserDataGraphView.swift */; };
		E657A8B52EB29A7300FBF948 /* UserDataGraphViewModel.swift in Sources */ = {isa = PBXBuildFile; fileRef = E657A8B42EB29A7300FBF948 /* UserDataGraphViewModel.swift */; };
		E657A8B72EB29A9E00FBF948 /* TokenService.swift in Sources */ = {isa = PBXBuildFile; fileRef = E657A8B62EB29A9E00FBF948 /* TokenService.swift */; };
		E657A8B92EB3A19500FBF948 /* DataGraphProfile.swift in Sources */ = {isa = PBXBuildFile; fileRef = E657A8B82EB3A19500FBF948 /* DataGraphProfile.swift */; };
		E67AA2E02EF075D600EC5B23 /* HomeViewModel.swift in Sources */ = {isa = PBXBuildFile; fileRef = E67AA2DF2EF075D600EC5B23 /* HomeViewModel.swift */; };
		E6CC71902ED9FF7700BE6895 /* PersonalizationService.swift in Sources */ = {isa = PBXBuildFile; fileRef = E6CC718F2ED9FF7700BE6895 /* PersonalizationService.swift */; };
		E6CC71922ED9FFCC00BE6895 /* PersonalizationModels.swift in Sources */ = {isa = PBXBuildFile; fileRef = E6CC71912ED9FFCC00BE6895 /* PersonalizationModels.swift */; };
		E6CC71942ED9FFE800BE6895 /* PersonalizationViewModel.swift in Sources */ = {isa = PBXBuildFile; fileRef = E6CC71932ED9FFE800BE6895 /* PersonalizationViewModel.swift */; };
		E6CC71962EDB625700BE6895 /* DataGraphQueryService.swift in Sources */ = {isa = PBXBuildFile; fileRef = E6CC71952EDB625700BE6895 /* DataGraphQueryService.swift */; };
		E6CC71982EDBDFB500BE6895 /* PersonalizationDecisionRecord.swift in Sources */ = {isa = PBXBuildFile; fileRef = E6CC71972EDBDFB500BE6895 /* PersonalizationDecisionRecord.swift */; };
		E6D3A75D2F0C23480010D3F1 /* AgentforceView.swift in Sources */ = {isa = PBXBuildFile; fileRef = E6D3A75A2F0C23480010D3F1 /* AgentforceView.swift */; };
		E6D3A7EB2F0C24AE0010D3F1 /* Swift-InAppMessaging in Frameworks */ = {isa = PBXBuildFile; productRef = E6D3A7EA2F0C24AE0010D3F1 /* Swift-InAppMessaging */; };
		E6D3A7EC2F0C26670010D3F1 /* AgentforceConfig.json in Resources */ = {isa = PBXBuildFile; fileRef = E6D3A75E2F0C23670010D3F1 /* AgentforceConfig.json */; };
		E6D3A7F22F0F06DA0010D3F1 /* ChatPersonalizationViewModel.swift in Sources */ = {isa = PBXBuildFile; fileRef = E6D3A7F02F0F06DA0010D3F1 /* ChatPersonalizationViewModel.swift */; };
		E6D3A7F42F0F06F50010D3F1 /* ChatPersonalizationWidget.swift in Sources */ = {isa = PBXBuildFile; fileRef = E6D3A7F32F0F06F50010D3F1 /* ChatPersonalizationWidget.swift */; };
/* End PBXBuildFile section */

/* Begin PBXContainerItemProxy section */
		E6997E0D2E8582CC0039AEBA /* PBXContainerItemProxy */ = {
			isa = PBXContainerItemProxy;
			containerPortal = E6997DF52E8582CB0039AEBA /* Project object */;
			proxyType = 1;
			remoteGlobalIDString = E6997DFC2E8582CB0039AEBA;
			remoteInfo = ProntoFoodDeliveryApp;
		};
		E6997E172E8582CC0039AEBA /* PBXContainerItemProxy */ = {
			isa = PBXContainerItemProxy;
			containerPortal = E6997DF52E8582CB0039AEBA /* Project object */;
			proxyType = 1;
			remoteGlobalIDString = E6997DFC2E8582CB0039AEBA;
			remoteInfo = ProntoFoodDeliveryApp;
		};
/* End PBXContainerItemProxy section */

/* Begin PBXFileReference section */
		51EAFF982FB325D700C0B70C /* SalesforceHelpers.swift */ = {isa = PBXFileReference; lastKnownFileType = sourcecode.swift; path = SalesforceHelpers.swift; sourceTree = "<group>"; };
		AA0100002E000000E71CAD01 /* Restaurant.swift */ = {isa = PBXFileReference; lastKnownFileType = sourcecode.swift; path = Restaurant.swift; sourceTree = "<group>"; };
		AA0100022E000002E71CAD02 /* HomeCuisineFilterBar.swift */ = {isa = PBXFileReference; lastKnownFileType = sourcecode.swift; path = HomeCuisineFilterBar.swift; sourceTree = "<group>"; };
		AA0100042E000004E71CAD04 /* HomeRestaurantGrid.swift */ = {isa = PBXFileReference; lastKnownFileType = sourcecode.swift; path = HomeRestaurantGrid.swift; sourceTree = "<group>"; };
		E60166692E85883F00E71CAD /* ContentView.swift */ = {isa = PBXFileReference; lastKnownFileType = sourcecode.swift; path = ContentView.swift; sourceTree = "<group>"; };
		E601666B2E85883F00E71CAD /* ProntoFoodDeliveryAppApp.swift */ = {isa = PBXFileReference; lastKnownFileType = sourcecode.swift; path = ProntoFoodDeliveryAppApp.swift; sourceTree = "<group>"; };
		E60167652E8591A300E71CAD /* MVVM.md */ = {isa = PBXFileReference; lastKnownFileType = net.daringfireball.markdown; path = MVVM.md; sourceTree = "<group>"; };
		E60167672E8591A300E71CAD /* Salesforce.md */ = {isa = PBXFileReference; lastKnownFileType = net.daringfireball.markdown; path = Salesforce.md; sourceTree = "<group>"; };
		E60167692E8591A300E71CAD /* PROJECT_STRUCTURE.md */ = {isa = PBXFileReference; lastKnownFileType = net.daringfireball.markdown; path = PROJECT_STRUCTURE.md; sourceTree = "<group>"; };
		E60167832E870C8000E71CAD /* LiquidGlassTabView.swift */ = {isa = PBXFileReference; lastKnownFileType = sourcecode.swift; path = LiquidGlassTabView.swift; sourceTree = "<group>"; };
		E601678B2E870CC500E71CAD /* HomeCategoryBarView.swift */ = {isa = PBXFileReference; lastKnownFileType = sourcecode.swift; path = HomeCategoryBarView.swift; sourceTree = "<group>"; };
		E601678C2E870CC500E71CAD /* HomeHeaderView.swift */ = {isa = PBXFileReference; lastKnownFileType = sourcecode.swift; path = HomeHeaderView.swift; sourceTree = "<group>"; };
		E601678D2E870CC500E71CAD /* HomePromoCardView.swift */ = {isa = PBXFileReference; lastKnownFileType = sourcecode.swift; path = HomePromoCardView.swift; sourceTree = "<group>"; };
		E601678E2E870CC500E71CAD /* HomeView.swift */ = {isa = PBXFileReference; lastKnownFileType = sourcecode.swift; path = HomeView.swift; sourceTree = "<group>"; };
		E60167942E870CE000E71CAD /* CategoryModel.swift */ = {isa = PBXFileReference; lastKnownFileType = sourcecode.swift; path = CategoryModel.swift; sourceTree = "<group>"; };
		E60167962E870D1700E71CAD /* SearchView.swift */ = {isa = PBXFileReference; lastKnownFileType = sourcecode.swift; path = SearchView.swift; sourceTree = "<group>"; };
		E60167982E870D2E00E71CAD /* FavoritesView.swift */ = {isa = PBXFileReference; lastKnownFileType = sourcecode.swift; path = FavoritesView.swift; sourceTree = "<group>"; };
		E60167992E870D2E00E71CAD /* ProfileView.swift */ = {isa = PBXFileReference; lastKnownFileType = sourcecode.swift; path = ProfileView.swift; sourceTree = "<group>"; };
		E657A7632EAACCCD00FBF948 /* DataCloudConfiguration.swift */ = {isa = PBXFileReference; lastKnownFileType = sourcecode.swift; path = DataCloudConfiguration.swift; sourceTree = "<group>"; };
		E657A7642EAACCCD00FBF948 /* DataCloudService.swift */ = {isa = PBXFileReference; lastKnownFileType = sourcecode.swift; path = DataCloudService.swift; sourceTree = "<group>"; };
		E657A7652EAACCCD00FBF948 /* DataCloudTrackable.swift */ = {isa = PBXFileReference; lastKnownFileType = sourcecode.swift; path = DataCloudTrackable.swift; sourceTree = "<group>"; };
		E657A7702EAACD9D00FBF948 /* DataCloudEvent.swift */ = {isa = PBXFileReference; lastKnownFileType = sourcecode.swift; path = DataCloudEvent.swift; sourceTree = "<group>"; };
		E657A7712EAACD9D00FBF948 /* EngagementEvents.swift */ = {isa = PBXFileReference; lastKnownFileType = sourcecode.swift; path = EngagementEvents.swift; sourceTree = "<group>"; };
		E657A7722EAACD9D00FBF948 /* ProfileEvents.swift */ = {isa = PBXFileReference; lastKnownFileType = sourcecode.swift; path = ProfileEvents.swift; sourceTree = "<group>"; };
		E657A7792EAACE0500FBF948 /* CartViewModel.swift */ = {isa = PBXFileReference; lastKnownFileType = sourcecode.swift; path = CartViewModel.swift; sourceTree = "<group>"; };
		E657A77B2EAACE1600FBF948 /* OrderViewModel.swift */ = {isa = PBXFileReference; lastKnownFileType = sourcecode.swift; path = OrderViewModel.swift; sourceTree = "<group>"; };
		E657A77D2EAACE2200FBF948 /* ProfileViewModel.swift */ = {isa = PBXFileReference; lastKnownFileType = sourcecode.swift; path = ProfileViewModel.swift; sourceTree = "<group>"; };
		E657A7942EAC027A00FBF948 /* SettingsView.swift */ = {isa = PBXFileReference; lastKnownFileType = sourcecode.swift; path = SettingsView.swift; sourceTree = "<group>"; };
		E657A7962EAC02AE00FBF948 /* CredentialsManager.swift */ = {isa = PBXFileReference; lastKnownFileType = sourcecode.swift; path = CredentialsManager.swift; sourceTree = "<group>"; };
		E657A8392EAFC8E900FBF948 /* LocationService.swift */ = {isa = PBXFileReference; lastKnownFileType = sourcecode.swift; path = LocationService.swift; sourceTree = "<group>"; };
		E657A83B2EAFC96100FBF948 /* ConsentStatusView.swift */ = {isa = PBXFileReference; lastKnownFileType = sourcecode.swift; path = ConsentStatusView.swift; sourceTree = "<group>"; };
		E657A83C2EAFC96100FBF948 /* ConsentView.swift */ = {isa = PBXFileReference; lastKnownFileType = sourcecode.swift; path = ConsentView.swift; sourceTree = "<group>"; };
		E657A83D2EAFC96100FBF948 /* LocationPermissionView.swift */ = {isa = PBXFileReference; lastKnownFileType = sourcecode.swift; path = LocationPermissionView.swift; sourceTree = "<group>"; };
		E657A83E2EAFC96100FBF948 /* LocationStatusView.swift */ = {isa = PBXFileReference; lastKnownFileType = sourcecode.swift; path = LocationStatusView.swift; sourceTree = "<group>"; };
		E657A84D2EB0042D00FBF948 /* EngagementTrackingService.swift */ = {isa = PBXFileReference; lastKnownFileType = sourcecode.swift; path = EngagementTrackingService.swift; sourceTree = "<group>"; };
		E657A8502EB007D400FBF948 /* ProfileDataService.swift */ = {isa = PBXFileReference; lastKnownFileType = sourcecode.swift; path = ProfileDataService.swift; sourceTree = "<group>"; };
		E657A8542EB007E300FBF948 /* ConsentService.swift */ = {isa = PBXFileReference; lastKnownFileType = sourcecode.swift; path = ConsentService.swift; sourceTree = "<group>"; };
		E657A8562EB007E300FBF948 /* DataCloudLoggingService.swift */ = {isa = PBXFileReference; lastKnownFileType = sourcecode.swift; path = DataCloudLoggingService.swift; sourceTree = "<group>"; };
		E657A8572EB007E300FBF948 /* LocationTrackingService.swift */ = {isa = PBXFileReference; lastKnownFileType = sourcecode.swift; path = LocationTrackingService.swift; sourceTree = "<group>"; };
		E657A85C2EB00C2600FBF948 /* IdentityFormViewModel.swift */ = {isa = PBXFileReference; lastKnownFileType = sourcecode.swift; path = IdentityFormViewModel.swift; sourceTree = "<group>"; };
		E657A85E2EB00C4100FBF948 /* IdentityFormView.swift */ = {isa = PBXFileReference; lastKnownFileType = sourcecode.swift; path = IdentityFormView.swift; sourceTree = "<group>"; };
		E657A8602EB2669000FBF948 /* Product.swift */ = {isa = PBXFileReference; lastKnownFileType = sourcecode.swift; path = Product.swift; sourceTree = "<group>"; };
		E657A8622EB2775400FBF948 /* StoreFronts.swift */ = {isa = PBXFileReference; lastKnownFileType = sourcecode.swift; path = StoreFronts.swift; sourceTree = "<group>"; };
		E657A8642EB2782200FBF948 /* SearchViewModel.swift */ = {isa = PBXFileReference; lastKnownFileType = sourcecode.swift; path = SearchViewModel.swift; sourceTree = "<group>"; };
		E657A87E2EB285AF00FBF948 /* UserDataGraphView.swift */ = {isa = PBXFileReference; lastKnownFileType = sourcecode.swift; path = UserDataGraphView.swift; sourceTree = "<group>"; };
		E657A8B42EB29A7300FBF948 /* UserDataGraphViewModel.swift */ = {isa = PBXFileReference; lastKnownFileType = sourcecode.swift; path = UserDataGraphViewModel.swift; sourceTree = "<group>"; };
		E657A8B62EB29A9E00FBF948 /* TokenService.swift */ = {isa = PBXFileReference; lastKnownFileType = sourcecode.swift; path = TokenService.swift; sourceTree = "<group>"; };
		E657A8B82EB3A19500FBF948 /* DataGraphProfile.swift */ = {isa = PBXFileReference; lastKnownFileType = sourcecode.swift; path = DataGraphProfile.swift; sourceTree = "<group>"; };
		E67AA2DF2EF075D600EC5B23 /* HomeViewModel.swift */ = {isa = PBXFileReference; lastKnownFileType = sourcecode.swift; path = HomeViewModel.swift; sourceTree = "<group>"; };
		E6997DFD2E8582CB0039AEBA /* ProntoFoodDeliveryApp.app */ = {isa = PBXFileReference; explicitFileType = wrapper.application; includeInIndex = 0; path = ProntoFoodDeliveryApp.app; sourceTree = BUILT_PRODUCTS_DIR; };
		E6997E0C2E8582CC0039AEBA /* ProntoFoodDeliveryAppTests.xctest */ = {isa = PBXFileReference; explicitFileType = wrapper.cfbundle; includeInIndex = 0; path = ProntoFoodDeliveryAppTests.xctest; sourceTree = BUILT_PRODUCTS_DIR; };
		E6997E162E8582CC0039AEBA /* ProntoFoodDeliveryAppUITests.xctest */ = {isa = PBXFileReference; explicitFileType = wrapper.cfbundle; includeInIndex = 0; path = ProntoFoodDeliveryAppUITests.xctest; sourceTree = BUILT_PRODUCTS_DIR; };
		E6CC718F2ED9FF7700BE6895 /* PersonalizationService.swift */ = {isa = PBXFileReference; lastKnownFileType = sourcecode.swift; path = PersonalizationService.swift; sourceTree = "<group>"; };
		E6CC71912ED9FFCC00BE6895 /* PersonalizationModels.swift */ = {isa = PBXFileReference; lastKnownFileType = sourcecode.swift; path = PersonalizationModels.swift; sourceTree = "<group>"; };
		E6CC71932ED9FFE800BE6895 /* PersonalizationViewModel.swift */ = {isa = PBXFileReference; lastKnownFileType = sourcecode.swift; path = PersonalizationViewModel.swift; sourceTree = "<group>"; };
		E6CC71952EDB625700BE6895 /* DataGraphQueryService.swift */ = {isa = PBXFileReference; lastKnownFileType = sourcecode.swift; path = DataGraphQueryService.swift; sourceTree = "<group>"; };
		E6CC71972EDBDFB500BE6895 /* PersonalizationDecisionRecord.swift */ = {isa = PBXFileReference; lastKnownFileType = sourcecode.swift; path = PersonalizationDecisionRecord.swift; sourceTree = "<group>"; };
		E6D3A75A2F0C23480010D3F1 /* AgentforceView.swift */ = {isa = PBXFileReference; lastKnownFileType = sourcecode.swift; path = AgentforceView.swift; sourceTree = "<group>"; };
		E6D3A75E2F0C23670010D3F1 /* AgentforceConfig.json */ = {isa = PBXFileReference; lastKnownFileType = text.json; path = AgentforceConfig.json; sourceTree = "<group>"; };
		E6D3A7F02F0F06DA0010D3F1 /* ChatPersonalizationViewModel.swift */ = {isa = PBXFileReference; lastKnownFileType = sourcecode.swift; path = ChatPersonalizationViewModel.swift; sourceTree = "<group>"; };
		E6D3A7F32F0F06F50010D3F1 /* ChatPersonalizationWidget.swift */ = {isa = PBXFileReference; lastKnownFileType = sourcecode.swift; path = ChatPersonalizationWidget.swift; sourceTree = "<group>"; };
/* End PBXFileReference section */

/* Begin PBXFileSystemSynchronizedBuildFileExceptionSet section */
		E657A82C2EAFC6D700FBF948 /* Exceptions for "ProntoFoodDeliveryApp" folder in "ProntoFoodDeliveryApp" target */ = {
			isa = PBXFileSystemSynchronizedBuildFileExceptionSet;
			membershipExceptions = (
				Info.plist,
			);
			target = E6997DFC2E8582CB0039AEBA /* ProntoFoodDeliveryApp */;
		};
/* End PBXFileSystemSynchronizedBuildFileExceptionSet section */

/* Begin PBXFileSystemSynchronizedRootGroup section */
		51EAFF9A2FB36AE200C0B70C /* Components */ = {
			isa = PBXFileSystemSynchronizedRootGroup;
			path = Components;
			sourceTree = "<group>";
		};
		E6997DFF2E8582CB0039AEBA /* ProntoFoodDeliveryApp */ = {
			isa = PBXFileSystemSynchronizedRootGroup;
			exceptions = (
				E657A82C2EAFC6D700FBF948 /* Exceptions for "ProntoFoodDeliveryApp" folder in "ProntoFoodDeliveryApp" target */,
			);
			path = ProntoFoodDeliveryApp;
			sourceTree = "<group>";
		};
		E6997E0F2E8582CC0039AEBA /* ProntoFoodDeliveryAppTests */ = {
			isa = PBXFileSystemSynchronizedRootGroup;
			path = ProntoFoodDeliveryAppTests;
			sourceTree = "<group>";
		};
		E6997E192E8582CC0039AEBA /* ProntoFoodDeliveryAppUITests */ = {
			isa = PBXFileSystemSynchronizedRootGroup;
			path = ProntoFoodDeliveryAppUITests;
			sourceTree = "<group>";
		};
		E6EC831C2FB4152B00539918 /* Data */ = {
			isa = PBXFileSystemSynchronizedRootGroup;
			path = Data;
			sourceTree = "<group>";
		};
/* End PBXFileSystemSynchronizedRootGroup section */

/* Begin PBXFrameworksBuildPhase section */
		E6997DFA2E8582CB0039AEBA /* Frameworks */ = {
			isa = PBXFrameworksBuildPhase;
			buildActionMask = 2147483647;
			files = (
				51E4CFE82FFCF76100DE64B5 /* LowCodeMobile in Frameworks */,
				E6D3A7EB2F0C24AE0010D3F1 /* Swift-InAppMessaging in Frameworks */,
			);
			runOnlyForDeploymentPostprocessing = 0;
		};
		E6997E092E8582CC0039AEBA /* Frameworks */ = {
			isa = PBXFrameworksBuildPhase;
			buildActionMask = 2147483647;
			files = (
			);
			runOnlyForDeploymentPostprocessing = 0;
		};
		E6997E132E8582CC0039AEBA /* Frameworks */ = {
			isa = PBXFrameworksBuildPhase;
			buildActionMask = 2147483647;
			files = (
			);
			runOnlyForDeploymentPostprocessing = 0;
		};
/* End PBXFrameworksBuildPhase section */

/* Begin PBXGroup section */
		E60166772E85892200E71CAD /* App */ = {
			isa = PBXGroup;
			children = (
				E601666B2E85883F00E71CAD /* ProntoFoodDeliveryAppApp.swift */,
			);
			path = App;
			sourceTree = "<group>";
		};
		E601667D2E85892200E71CAD /* Models */ = {
			isa = PBXGroup;
			children = (
				E6CC71972EDBDFB500BE6895 /* PersonalizationDecisionRecord.swift */,
				E6CC71912ED9FFCC00BE6895 /* PersonalizationModels.swift */,
				E657A8622EB2775400FBF948 /* StoreFronts.swift */,
				E657A8602EB2669000FBF948 /* Product.swift */,
				AA0100002E000000E71CAD01 /* Restaurant.swift */,
			);
			path = Models;
			sourceTree = "<group>";
		};
		E601667F2E85892200E71CAD /* Networking */ = {
			isa = PBXGroup;
			children = (
			);
			path = Networking;
			sourceTree = "<group>";
		};
		E60166852E85892200E71CAD /* DataCloud */ = {
			isa = PBXGroup;
			children = (
				E6CC71952EDB625700BE6895 /* DataGraphQueryService.swift */,
				E657A8B62EB29A9E00FBF948 /* TokenService.swift */,
				E657A8502EB007D400FBF948 /* ProfileDataService.swift */,
				E657A8542EB007E300FBF948 /* ConsentService.swift */,
				E657A8562EB007E300FBF948 /* DataCloudLoggingService.swift */,
				E657A8572EB007E300FBF948 /* LocationTrackingService.swift */,
				E657A84D2EB0042D00FBF948 /* EngagementTrackingService.swift */,
				E657A7732EAACD9D00FBF948 /* Models */,
				E657A7632EAACCCD00FBF948 /* DataCloudConfiguration.swift */,
				E657A7642EAACCCD00FBF948 /* DataCloudService.swift */,
				E657A7652EAACCCD00FBF948 /* DataCloudTrackable.swift */,
			);
			path = DataCloud;
			sourceTree = "<group>";
		};
		E60166872E85892200E71CAD /* Personalization */ = {
			isa = PBXGroup;
			children = (
				51EAFF9A2FB36AE200C0B70C /* Components */,
				E6CC718F2ED9FF7700BE6895 /* PersonalizationService.swift */,
				51EAFF982FB325D700C0B70C /* SalesforceHelpers.swift */,
			);
			path = Personalization;
			sourceTree = "<group>";
		};
		E60166882E85892200E71CAD /* Salesforce */ = {
			isa = PBXGroup;
			children = (
				E60166852E85892200E71CAD /* DataCloud */,
				E60166872E85892200E71CAD /* Personalization */,
			);
			path = Salesforce;
			sourceTree = "<group>";
		};
		E601668A2E85892200E71CAD /* Services */ = {
			isa = PBXGroup;
			children = (
				E60166882E85892200E71CAD /* Salesforce */,
			);
			path = Services;
			sourceTree = "<group>";
		};
		E601668C2E85892200E71CAD /* Utilities */ = {
			isa = PBXGroup;
			children = (
				E657A8392EAFC8E900FBF948 /* LocationService.swift */,
				E657A7962EAC02AE00FBF948 /* CredentialsManager.swift */,
			);
			path = Utilities;
			sourceTree = "<group>";
		};
		E601668D2E85892200E71CAD /* Core */ = {
			isa = PBXGroup;
			children = (
				E601667D2E85892200E71CAD /* Models */,
				E601667F2E85892200E71CAD /* Networking */,
				E601668A2E85892200E71CAD /* Services */,
				E601668C2E85892200E71CAD /* Utilities */,
			);
			path = Core;
			sourceTree = "<group>";
		};
		E60166982E85892200E71CAD /* ViewModels */ = {
			isa = PBXGroup;
			children = (
				E657A7792EAACE0500FBF948 /* CartViewModel.swift */,
			);
			path = ViewModels;
			sourceTree = "<group>";
		};
		E601669B2E85892200E71CAD /* Cart */ = {
			isa = PBXGroup;
			children = (
				E60166982E85892200E71CAD /* ViewModels */,
			);
			path = Cart;
			sourceTree = "<group>";
		};
		E601669D2E85892200E71CAD /* Models */ = {
			isa = PBXGroup;
			children = (
				E60167942E870CE000E71CAD /* CategoryModel.swift */,
			);
			path = Models;
			sourceTree = "<group>";
		};
		E601669F2E85892200E71CAD /* ViewModels */ = {
			isa = PBXGroup;
			children = (
				E67AA2DF2EF075D600EC5B23 /* HomeViewModel.swift */,
			);
			path = ViewModels;
			sourceTree = "<group>";
		};
		E60166A12E85892200E71CAD /* Views */ = {
			isa = PBXGroup;
			children = (
				E601678B2E870CC500E71CAD /* HomeCategoryBarView.swift */,
				E601678C2E870CC500E71CAD /* HomeHeaderView.swift */,
				E601678D2E870CC500E71CAD /* HomePromoCardView.swift */,
				E601678E2E870CC500E71CAD /* HomeView.swift */,
				AA0100022E000002E71CAD02 /* HomeCuisineFilterBar.swift */,
				AA0100042E000004E71CAD04 /* HomeRestaurantGrid.swift */,
				E60166692E85883F00E71CAD /* ContentView.swift */,
			);
			path = Views;
			sourceTree = "<group>";
		};
		E60166A22E85892200E71CAD /* Home */ = {
			isa = PBXGroup;
			children = (
				E601669D2E85892200E71CAD /* Models */,
				E601669F2E85892200E71CAD /* ViewModels */,
				E60166A12E85892200E71CAD /* Views */,
			);
			path = Home;
			sourceTree = "<group>";
		};
		E60166AD2E85892200E71CAD /* ViewModels */ = {
			isa = PBXGroup;
			children = (
				E657A77B2EAACE1600FBF948 /* OrderViewModel.swift */,
			);
			path = ViewModels;
			sourceTree = "<group>";
		};
		E60166B02E85892200E71CAD /* Order */ = {
			isa = PBXGroup;
			children = (
				E60166AD2E85892200E71CAD /* ViewModels */,
			);
			path = Order;
			sourceTree = "<group>";
		};
		E60166B22E85892200E71CAD /* Models */ = {
			isa = PBXGroup;
			children = (
				E657A8B82EB3A19500FBF948 /* DataGraphProfile.swift */,
			);
			path = Models;
			sourceTree = "<group>";
		};
		E60166B42E85892200E71CAD /* ViewModels */ = {
			isa = PBXGroup;
			children = (
				E6CC71932ED9FFE800BE6895 /* PersonalizationViewModel.swift */,
				E657A8B42EB29A7300FBF948 /* UserDataGraphViewModel.swift */,
				E657A85C2EB00C2600FBF948 /* IdentityFormViewModel.swift */,
				E657A77D2EAACE2200FBF948 /* ProfileViewModel.swift */,
			);
			path = ViewModels;
			sourceTree = "<group>";
		};
		E60166B62E85892200E71CAD /* Views */ = {
			isa = PBXGroup;
			children = (
				E657A87E2EB285AF00FBF948 /* UserDataGraphView.swift */,
				E657A85E2EB00C4100FBF948 /* IdentityFormView.swift */,
				E657A83B2EAFC96100FBF948 /* ConsentStatusView.swift */,
				E657A83C2EAFC96100FBF948 /* ConsentView.swift */,
				E657A83D2EAFC96100FBF948 /* LocationPermissionView.swift */,
				E657A83E2EAFC96100FBF948 /* LocationStatusView.swift */,
				E657A7942EAC027A00FBF948 /* SettingsView.swift */,
				E60167982E870D2E00E71CAD /* FavoritesView.swift */,
				E60167992E870D2E00E71CAD /* ProfileView.swift */,
			);
			path = Views;
			sourceTree = "<group>";
		};
		E60166B72E85892200E71CAD /* Profile */ = {
			isa = PBXGroup;
			children = (
				E60166B22E85892200E71CAD /* Models */,
				E60166B42E85892200E71CAD /* ViewModels */,
				E60166B62E85892200E71CAD /* Views */,
			);
			path = Profile;
			sourceTree = "<group>";
		};
		E60166C22E85892200E71CAD /* ViewModels */ = {
			isa = PBXGroup;
			children = (
				E657A8642EB2782200FBF948 /* SearchViewModel.swift */,
			);
			path = ViewModels;
			sourceTree = "<group>";
		};
		E60166C42E85892200E71CAD /* Views */ = {
			isa = PBXGroup;
			children = (
				E60167962E870D1700E71CAD /* SearchView.swift */,
			);
			path = Views;
			sourceTree = "<group>";
		};
		E60166C52E85892200E71CAD /* Search */ = {
			isa = PBXGroup;
			children = (
				E60166C22E85892200E71CAD /* ViewModels */,
				E60166C42E85892200E71CAD /* Views */,
			);
			path = Search;
			sourceTree = "<group>";
		};
		E60166CD2E85892200E71CAD /* Features */ = {
			isa = PBXGroup;
			children = (
				E6D3A75C2F0C23480010D3F1 /* Chat */,
				E601669B2E85892200E71CAD /* Cart */,
				E60166A22E85892200E71CAD /* Home */,
				E60166B02E85892200E71CAD /* Order */,
				E60166B72E85892200E71CAD /* Profile */,
				E60166C52E85892200E71CAD /* Search */,
			);
			path = Features;
			sourceTree = "<group>";
		};
		E60166D52E85892200E71CAD /* Components */ = {
			isa = PBXGroup;
			children = (
				E60167832E870C8000E71CAD /* LiquidGlassTabView.swift */,
			);
			path = Components;
			sourceTree = "<group>";
		};
		E60166D72E85892200E71CAD /* Modifiers */ = {
			isa = PBXGroup;
			children = (
			);
			path = Modifiers;
			sourceTree = "<group>";
		};
		E60166DC2E85892200E71CAD /* UI */ = {
			isa = PBXGroup;
			children = (
				E60166D52E85892200E71CAD /* Components */,
				E60166D72E85892200E71CAD /* Modifiers */,
			);
			path = UI;
			sourceTree = "<group>";
		};
		E60166DD2E85892200E71CAD /* Shared */ = {
			isa = PBXGroup;
			children = (
				E60166DC2E85892200E71CAD /* UI */,
			);
			path = Shared;
			sourceTree = "<group>";
		};
		E60166DE2E85892200E71CAD /* Sources */ = {
			isa = PBXGroup;
			children = (
				E60166772E85892200E71CAD /* App */,
				E601668D2E85892200E71CAD /* Core */,
				E60166CD2E85892200E71CAD /* Features */,
				E60166DD2E85892200E71CAD /* Shared */,
			);
			path = Sources;
			sourceTree = "<group>";
		};
		E60167572E85917C00E71CAD /* Configuration */ = {
			isa = PBXGroup;
			children = (
				E6D3A75E2F0C23670010D3F1 /* AgentforceConfig.json */,
			);
			path = Configuration;
			sourceTree = "<group>";
		};
		E601675E2E85917C00E71CAD /* Resources */ = {
			isa = PBXGroup;
			children = (
				E60167572E85917C00E71CAD /* Configuration */,
			);
			path = Resources;
			sourceTree = "<group>";
		};
		E60167642E8591A300E71CAD /* API */ = {
			isa = PBXGroup;
			children = (
			);
			path = API;
			sourceTree = "<group>";
		};
		E60167662E8591A300E71CAD /* Architecture */ = {
			isa = PBXGroup;
			children = (
				E60167652E8591A300E71CAD /* MVVM.md */,
			);
			path = Architecture;
			sourceTree = "<group>";
		};
		E60167682E8591A300E71CAD /* Setup */ = {
			isa = PBXGroup;
			children = (
				E60167672E8591A300E71CAD /* Salesforce.md */,
			);
			path = Setup;
			sourceTree = "<group>";
		};
		E601676A2E8591A300E71CAD /* Documentation */ = {
			isa = PBXGroup;
			children = (
				E60167642E8591A300E71CAD /* API */,
				E60167662E8591A300E71CAD /* Architecture */,
				E60167682E8591A300E71CAD /* Setup */,
				E60167692E8591A300E71CAD /* PROJECT_STRUCTURE.md */,
			);
			path = Documentation;
			sourceTree = "<group>";
		};
		E63AB2372FB18985003893C3 /* Frameworks */ = {
			isa = PBXGroup;
			children = (
			);
			name = Frameworks;
			sourceTree = "<group>";
		};
		E657A7732EAACD9D00FBF948 /* Models */ = {
			isa = PBXGroup;
			children = (
				E657A7702EAACD9D00FBF948 /* DataCloudEvent.swift */,
				E657A7712EAACD9D00FBF948 /* EngagementEvents.swift */,
				E657A7722EAACD9D00FBF948 /* ProfileEvents.swift */,
			);
			path = Models;
			sourceTree = "<group>";
		};
		E6997DF42E8582CB0039AEBA = {
			isa = PBXGroup;
			children = (
				E601676A2E8591A300E71CAD /* Documentation */,
				E601675E2E85917C00E71CAD /* Resources */,
				E60166DE2E85892200E71CAD /* Sources */,
				E6997DFF2E8582CB0039AEBA /* ProntoFoodDeliveryApp */,
				E6997E0F2E8582CC0039AEBA /* ProntoFoodDeliveryAppTests */,
				E6997E192E8582CC0039AEBA /* ProntoFoodDeliveryAppUITests */,
				E63AB2372FB18985003893C3 /* Frameworks */,
				E6997DFE2E8582CB0039AEBA /* Products */,
				E6EC831C2FB4152B00539918 /* Data */,
			);
			sourceTree = "<group>";
		};
		E6997DFE2E8582CB0039AEBA /* Products */ = {
			isa = PBXGroup;
			children = (
				E6997DFD2E8582CB0039AEBA /* ProntoFoodDeliveryApp.app */,
				E6997E0C2E8582CC0039AEBA /* ProntoFoodDeliveryAppTests.xctest */,
				E6997E162E8582CC0039AEBA /* ProntoFoodDeliveryAppUITests.xctest */,
			);
			name = Products;
			sourceTree = "<group>";
		};
		E6D3A75B2F0C23480010D3F1 /* Views */ = {
			isa = PBXGroup;
			children = (
				E6D3A7F32F0F06F50010D3F1 /* ChatPersonalizationWidget.swift */,
				E6D3A75A2F0C23480010D3F1 /* AgentforceView.swift */,
			);
			path = Views;
			sourceTree = "<group>";
		};
		E6D3A75C2F0C23480010D3F1 /* Chat */ = {
			isa = PBXGroup;
			children = (
				E6D3A7F12F0F06DA0010D3F1 /* ViewModels */,
				E6D3A75B2F0C23480010D3F1 /* Views */,
			);
			path = Chat;
			sourceTree = "<group>";
		};
		E6D3A7F12F0F06DA0010D3F1 /* ViewModels */ = {
			isa = PBXGroup;
			children = (
				E6D3A7F02F0F06DA0010D3F1 /* ChatPersonalizationViewModel.swift */,
			);
			path = ViewModels;
			sourceTree = "<group>";
		};
/* End PBXGroup section */

/* Begin PBXNativeTarget section */
		E6997DFC2E8582CB0039AEBA /* ProntoFoodDeliveryApp */ = {
			isa = PBXNativeTarget;
			buildConfigurationList = E6997E202E8582CC0039AEBA /* Build configuration list for PBXNativeTarget "ProntoFoodDeliveryApp" */;
			buildPhases = (
				E6997DF92E8582CB0039AEBA /* Sources */,
				E6997DFA2E8582CB0039AEBA /* Frameworks */,
				E6997DFB2E8582CB0039AEBA /* Resources */,
			);
			buildRules = (
			);
			dependencies = (
			);
			fileSystemSynchronizedGroups = (
				51EAFF9A2FB36AE200C0B70C /* Components */,
				E6997DFF2E8582CB0039AEBA /* ProntoFoodDeliveryApp */,
				E6EC831C2FB4152B00539918 /* Data */,
			);
			name = ProntoFoodDeliveryApp;
			packageProductDependencies = (
				E6D3A7EA2F0C24AE0010D3F1 /* Swift-InAppMessaging */,
				51E4CFE72FFCF76100DE64B5 /* LowCodeMobile */,
			);
			productName = ProntoFoodDeliveryApp;
			productReference = E6997DFD2E8582CB0039AEBA /* ProntoFoodDeliveryApp.app */;
			productType = "com.apple.product-type.application";
		};
		E6997E0B2E8582CC0039AEBA /* ProntoFoodDeliveryAppTests */ = {
			isa = PBXNativeTarget;
			buildConfigurationList = E6997E232E8582CC0039AEBA /* Build configuration list for PBXNativeTarget "ProntoFoodDeliveryAppTests" */;
			buildPhases = (
				E6997E082E8582CC0039AEBA /* Sources */,
				E6997E092E8582CC0039AEBA /* Frameworks */,
				E6997E0A2E8582CC0039AEBA /* Resources */,
			);
			buildRules = (
			);
			dependencies = (
				E6997E0E2E8582CC0039AEBA /* PBXTargetDependency */,
			);
			fileSystemSynchronizedGroups = (
				E6997E0F2E8582CC0039AEBA /* ProntoFoodDeliveryAppTests */,
			);
			name = ProntoFoodDeliveryAppTests;
			packageProductDependencies = (
			);
			productName = ProntoFoodDeliveryAppTests;
			productReference = E6997E0C2E8582CC0039AEBA /* ProntoFoodDeliveryAppTests.xctest */;
			productType = "com.apple.product-type.bundle.unit-test";
		};
		E6997E152E8582CC0039AEBA /* ProntoFoodDeliveryAppUITests */ = {
			isa = PBXNativeTarget;
			buildConfigurationList = E6997E262E8582CC0039AEBA /* Build configuration list for PBXNativeTarget "ProntoFoodDeliveryAppUITests" */;
			buildPhases = (
				E6997E122E8582CC0039AEBA /* Sources */,
				E6997E132E8582CC0039AEBA /* Frameworks */,
				E6997E142E8582CC0039AEBA /* Resources */,
			);
			buildRules = (
			);
			dependencies = (
				E6997E182E8582CC0039AEBA /* PBXTargetDependency */,
			);
			fileSystemSynchronizedGroups = (
				E6997E192E8582CC0039AEBA /* ProntoFoodDeliveryAppUITests */,
			);
			name = ProntoFoodDeliveryAppUITests;
			packageProductDependencies = (
			);
			productName = ProntoFoodDeliveryAppUITests;
			productReference = E6997E162E8582CC0039AEBA /* ProntoFoodDeliveryAppUITests.xctest */;
			productType = "com.apple.product-type.bundle.ui-testing";
		};
/* End PBXNativeTarget section */

/* Begin PBXProject section */
		E6997DF52E8582CB0039AEBA /* Project object */ = {
			isa = PBXProject;
			attributes = {
				BuildIndependentTargetsInParallel = 1;
				LastSwiftUpdateCheck = 1640;
				LastUpgradeCheck = 1640;
				TargetAttributes = {
					E6997DFC2E8582CB0039AEBA = {
						CreatedOnToolsVersion = 16.4;
					};
					E6997E0B2E8582CC0039AEBA = {
						CreatedOnToolsVersion = 16.4;
						TestTargetID = E6997DFC2E8582CB0039AEBA;
					};
					E6997E152E8582CC0039AEBA = {
						CreatedOnToolsVersion = 16.4;
						TestTargetID = E6997DFC2E8582CB0039AEBA;
					};
				};
			};
			buildConfigurationList = E6997DF82E8582CB0039AEBA /* Build configuration list for PBXProject "ProntoFoodDeliveryApp" */;
			developmentRegion = en;
			hasScannedForEncodings = 0;
			knownRegions = (
				en,
				Base,
			);
			mainGroup = E6997DF42E8582CB0039AEBA;
			minimizedProjectReferenceProxies = 1;
			packageReferences = (
				E6D3A7E92F0C24260010D3F1 /* XCRemoteSwiftPackageReference "Swift-Package-InAppMessaging" */,
				51E4CFE12FFCF61B00DE64B5 /* XCRemoteSwiftPackageReference "LowCode-IOS" */,
			);
			preferredProjectObjectVersion = 77;
			productRefGroup = E6997DFE2E8582CB0039AEBA /* Products */;
			projectDirPath = "";
			projectRoot = "";
			targets = (
				E6997DFC2E8582CB0039AEBA /* ProntoFoodDeliveryApp */,
				E6997E0B2E8582CC0039AEBA /* ProntoFoodDeliveryAppTests */,
				E6997E152E8582CC0039AEBA /* ProntoFoodDeliveryAppUITests */,
			);
		};
/* End PBXProject section */

/* Begin PBXResourcesBuildPhase section */
		E6997DFB2E8582CB0039AEBA /* Resources */ = {
			isa = PBXResourcesBuildPhase;
			buildActionMask = 2147483647;
			files = (
				E6D3A7EC2F0C26670010D3F1 /* AgentforceConfig.json in Resources */,
				E601676B2E8591A300E71CAD /* MVVM.md in Resources */,
				E601676C2E8591A300E71CAD /* PROJECT_STRUCTURE.md in Resources */,
				E601676D2E8591A300E71CAD /* Salesforce.md in Resources */,
			);
			runOnlyForDeploymentPostprocessing = 0;
		};
		E6997E0A2E8582CC0039AEBA /* Resources */ = {
			isa = PBXResourcesBuildPhase;
			buildActionMask = 2147483647;
			files = (
			);
			runOnlyForDeploymentPostprocessing = 0;
		};
		E6997E142E8582CC0039AEBA /* Resources */ = {
			isa = PBXResourcesBuildPhase;
			buildActionMask = 2147483647;
			files = (
			);
			runOnlyForDeploymentPostprocessing = 0;
		};
/* End PBXResourcesBuildPhase section */

/* Begin PBXSourcesBuildPhase section */
		E6997DF92E8582CB0039AEBA /* Sources */ = {
			isa = PBXSourcesBuildPhase;
			buildActionMask = 2147483647;
			files = (
				E60167952E870CE000E71CAD /* CategoryModel.swift in Sources */,
				E601666D2E85883F00E71CAD /* ContentView.swift in Sources */,
				E657A7662EAACCCD00FBF948 /* DataCloudService.swift in Sources */,
				E657A8632EB2775400FBF948 /* StoreFronts.swift in Sources */,
				E657A7672EAACCCD00FBF948 /* DataCloudTrackable.swift in Sources */,
				E657A8522EB007D400FBF948 /* ProfileDataService.swift in Sources */,
				E657A7682EAACCCD00FBF948 /* DataCloudConfiguration.swift in Sources */,
				E657A8B52EB29A7300FBF948 /* UserDataGraphViewModel.swift in Sources */,
				E60167862E870C8000E71CAD /* LiquidGlassTabView.swift in Sources */,
				E601679A2E870D2E00E71CAD /* FavoritesView.swift in Sources */,
				E601679B2E870D2E00E71CAD /* ProfileView.swift in Sources */,
				E657A77E2EAACE2200FBF948 /* ProfileViewModel.swift in Sources */,
				E657A7972EAC02AE00FBF948 /* CredentialsManager.swift in Sources */,
				E657A85F2EB00C4100FBF948 /* IdentityFormView.swift in Sources */,
				E6D3A75D2F0C23480010D3F1 /* AgentforceView.swift in Sources */,
				E657A77C2EAACE1600FBF948 /* OrderViewModel.swift in Sources */,
				E657A8B92EB3A19500FBF948 /* DataGraphProfile.swift in Sources */,
				E657A77A2EAACE0500FBF948 /* CartViewModel.swift in Sources */,
				E6CC71982EDBDFB500BE6895 /* PersonalizationDecisionRecord.swift in Sources */,
				E601678F2E870CC500E71CAD /* HomeView.swift in Sources */,
				E657A8B72EB29A9E00FBF948 /* TokenService.swift in Sources */,
				E60167902E870CC500E71CAD /* HomeHeaderView.swift in Sources */,
				E657A8582EB007E300FBF948 /* LocationTrackingService.swift in Sources */,
				E67AA2E02EF075D600EC5B23 /* HomeViewModel.swift in Sources */,
				E657A85A2EB007E300FBF948 /* ConsentService.swift in Sources */,
				E657A85B2EB007E300FBF948 /* DataCloudLoggingService.swift in Sources */,
				E6CC71962EDB625700BE6895 /* DataGraphQueryService.swift in Sources */,
				AA0100012E000001E71CAD01 /* Restaurant.swift in Sources */,
				AA0100032E000003E71CAD03 /* HomeCuisineFilterBar.swift in Sources */,
				AA0100052E000005E71CAD05 /* HomeRestaurantGrid.swift in Sources */,
				E60167972E870D1700E71CAD /* SearchView.swift in Sources */,
				E657A7952EAC027A00FBF948 /* SettingsView.swift in Sources */,
				E6CC71942ED9FFE800BE6895 /* PersonalizationViewModel.swift in Sources */,
				E657A87F2EB285AF00FBF948 /* UserDataGraphView.swift in Sources */,
				E60167922E870CC500E71CAD /* HomeCategoryBarView.swift in Sources */,
				51EAFF992FB325E500C0B70C /* SalesforceHelpers.swift in Sources */,
				E657A84E2EB0042D00FBF948 /* EngagementTrackingService.swift in Sources */,
				E60167932E870CC500E71CAD /* HomePromoCardView.swift in Sources */,
				E657A8652EB2782200FBF948 /* SearchViewModel.swift in Sources */,
				E6D3A7F42F0F06F50010D3F1 /* ChatPersonalizationWidget.swift in Sources */,
				E601666E2E85883F00E71CAD /* ProntoFoodDeliveryAppApp.swift in Sources */,
				E657A83F2EAFC96100FBF948 /* ConsentView.swift in Sources */,
				E657A85D2EB00C2600FBF948 /* IdentityFormViewModel.swift in Sources */,
				E657A8402EAFC96100FBF948 /* ConsentStatusView.swift in Sources */,
				E6D3A7F22F0F06DA0010D3F1 /* ChatPersonalizationViewModel.swift in Sources */,
				E657A8412EAFC96100FBF948 /* LocationPermissionView.swift in Sources */,
				E657A8422EAFC96100FBF948 /* LocationStatusView.swift in Sources */,
				E6CC71902ED9FF7700BE6895 /* PersonalizationService.swift in Sources */,
				E657A7742EAACD9D00FBF948 /* DataCloudEvent.swift in Sources */,
				E657A7752EAACD9D00FBF948 /* EngagementEvents.swift in Sources */,
				E657A83A2EAFC8E900FBF948 /* LocationService.swift in Sources */,
				E6CC71922ED9FFCC00BE6895 /* PersonalizationModels.swift in Sources */,
				E657A7762EAACD9D00FBF948 /* ProfileEvents.swift in Sources */,
				E657A8612EB2669000FBF948 /* Product.swift in Sources */,
			);
			runOnlyForDeploymentPostprocessing = 0;
		};
		E6997E082E8582CC0039AEBA /* Sources */ = {
			isa = PBXSourcesBuildPhase;
			buildActionMask = 2147483647;
			files = (
			);
			runOnlyForDeploymentPostprocessing = 0;
		};
		E6997E122E8582CC0039AEBA /* Sources */ = {
			isa = PBXSourcesBuildPhase;
			buildActionMask = 2147483647;
			files = (
			);
			runOnlyForDeploymentPostprocessing = 0;
		};
/* End PBXSourcesBuildPhase section */

/* Begin PBXTargetDependency section */
		E6997E0E2E8582CC0039AEBA /* PBXTargetDependency */ = {
			isa = PBXTargetDependency;
			target = E6997DFC2E8582CB0039AEBA /* ProntoFoodDeliveryApp */;
			targetProxy = E6997E0D2E8582CC0039AEBA /* PBXContainerItemProxy */;
		};
		E6997E182E8582CC0039AEBA /* PBXTargetDependency */ = {
			isa = PBXTargetDependency;
			target = E6997DFC2E8582CB0039AEBA /* ProntoFoodDeliveryApp */;
			targetProxy = E6997E172E8582CC0039AEBA /* PBXContainerItemProxy */;
		};
/* End PBXTargetDependency section */

/* Begin XCBuildConfiguration section */
		E6997E1E2E8582CC0039AEBA /* Debug */ = {
			isa = XCBuildConfiguration;
			buildSettings = {
				ALWAYS_SEARCH_USER_PATHS = NO;
				ASSETCATALOG_COMPILER_GENERATE_SWIFT_ASSET_SYMBOL_EXTENSIONS = YES;
				CLANG_ANALYZER_NONNULL = YES;
				CLANG_ANALYZER_NUMBER_OBJECT_CONVERSION = YES_AGGRESSIVE;
				CLANG_CXX_LANGUAGE_STANDARD = "gnu++20";
				CLANG_ENABLE_MODULES = YES;
				CLANG_ENABLE_OBJC_ARC = YES;
				CLANG_ENABLE_OBJC_WEAK = YES;
				CLANG_WARN_BLOCK_CAPTURE_AUTORELEASING = YES;
				CLANG_WARN_BOOL_CONVERSION = YES;
				CLANG_WARN_COMMA = YES;
				CLANG_WARN_CONSTANT_CONVERSION = YES;
				CLANG_WARN_DEPRECATED_OBJC_IMPLEMENTATIONS = YES;
				CLANG_WARN_DIRECT_OBJC_ISA_USAGE = YES_ERROR;
				CLANG_WARN_DOCUMENTATION_COMMENTS = YES;
				CLANG_WARN_EMPTY_BODY = YES;
				CLANG_WARN_ENUM_CONVERSION = YES;
				CLANG_WARN_INFINITE_RECURSION = YES;
				CLANG_WARN_INT_CONVERSION = YES;
				CLANG_WARN_NON_LITERAL_NULL_CONVERSION = YES;
				CLANG_WARN_OBJC_IMPLICIT_RETAIN_SELF = YES;
				CLANG_WARN_OBJC_LITERAL_CONVERSION = YES;
				CLANG_WARN_OBJC_ROOT_CLASS = YES_ERROR;
				CLANG_WARN_QUOTED_INCLUDE_IN_FRAMEWORK_HEADER = YES;
				CLANG_WARN_RANGE_LOOP_ANALYSIS = YES;
				CLANG_WARN_STRICT_PROTOTYPES = YES;
				CLANG_WARN_SUSPICIOUS_MOVE = YES;
				CLANG_WARN_UNGUARDED_AVAILABILITY = YES_AGGRESSIVE;
				CLANG_WARN_UNREACHABLE_CODE = YES;
				CLANG_WARN__DUPLICATE_METHOD_MATCH = YES;
				COPY_PHASE_STRIP = NO;
				DEBUG_INFORMATION_FORMAT = dwarf;
				DEVELOPMENT_TEAM = QYYB9FH2U5;
				ENABLE_STRICT_OBJC_MSGSEND = YES;
				ENABLE_TESTABILITY = YES;
				ENABLE_USER_SCRIPT_SANDBOXING = YES;
				GCC_C_LANGUAGE_STANDARD = gnu17;
				GCC_DYNAMIC_NO_PIC = NO;
				GCC_NO_COMMON_BLOCKS = YES;
				GCC_OPTIMIZATION_LEVEL = 0;
				GCC_PREPROCESSOR_DEFINITIONS = (
					"DEBUG=1",
					"$(inherited)",
				);
				GCC_WARN_64_TO_32_BIT_CONVERSION = YES;
				GCC_WARN_ABOUT_RETURN_TYPE = YES_ERROR;
				GCC_WARN_UNDECLARED_SELECTOR = YES;
				GCC_WARN_UNINITIALIZED_AUTOS = YES_AGGRESSIVE;
				GCC_WARN_UNUSED_FUNCTION = YES;
				GCC_WARN_UNUSED_VARIABLE = YES;
				IPHONEOS_DEPLOYMENT_TARGET = 18.5;
				LOCALIZATION_PREFERS_STRING_CATALOGS = YES;
				MTL_ENABLE_DEBUG_INFO = INCLUDE_SOURCE;
				MTL_FAST_MATH = YES;
				ONLY_ACTIVE_ARCH = YES;
				SDKROOT = iphoneos;
				SWIFT_ACTIVE_COMPILATION_CONDITIONS = "DEBUG $(inherited)";
				SWIFT_OPTIMIZATION_LEVEL = "-Onone";
			};
			name = Debug;
		};
		E6997E1F2E8582CC0039AEBA /* Release */ = {
			isa = XCBuildConfiguration;
			buildSettings = {
				ALWAYS_SEARCH_USER_PATHS = NO;
				ASSETCATALOG_COMPILER_GENERATE_SWIFT_ASSET_SYMBOL_EXTENSIONS = YES;
				CLANG_ANALYZER_NONNULL = YES;
				CLANG_ANALYZER_NUMBER_OBJECT_CONVERSION = YES_AGGRESSIVE;
				CLANG_CXX_LANGUAGE_STANDARD = "gnu++20";
				CLANG_ENABLE_MODULES = YES;
				CLANG_ENABLE_OBJC_ARC = YES;
				CLANG_ENABLE_OBJC_WEAK = YES;
				CLANG_WARN_BLOCK_CAPTURE_AUTORELEASING = YES;
				CLANG_WARN_BOOL_CONVERSION = YES;
				CLANG_WARN_COMMA = YES;
				CLANG_WARN_CONSTANT_CONVERSION = YES;
				CLANG_WARN_DEPRECATED_OBJC_IMPLEMENTATIONS = YES;
				CLANG_WARN_DIRECT_OBJC_ISA_USAGE = YES_ERROR;
				CLANG_WARN_DOCUMENTATION_COMMENTS = YES;
				CLANG_WARN_EMPTY_BODY = YES;
				CLANG_WARN_ENUM_CONVERSION = YES;
				CLANG_WARN_INFINITE_RECURSION = YES;
				CLANG_WARN_INT_CONVERSION = YES;
				CLANG_WARN_NON_LITERAL_NULL_CONVERSION = YES;
				CLANG_WARN_OBJC_IMPLICIT_RETAIN_SELF = YES;
				CLANG_WARN_OBJC_LITERAL_CONVERSION = YES;
				CLANG_WARN_OBJC_ROOT_CLASS = YES_ERROR;
				CLANG_WARN_QUOTED_INCLUDE_IN_FRAMEWORK_HEADER = YES;
				CLANG_WARN_RANGE_LOOP_ANALYSIS = YES;
				CLANG_WARN_STRICT_PROTOTYPES = YES;
				CLANG_WARN_SUSPICIOUS_MOVE = YES;
				CLANG_WARN_UNGUARDED_AVAILABILITY = YES_AGGRESSIVE;
				CLANG_WARN_UNREACHABLE_CODE = YES;
				CLANG_WARN__DUPLICATE_METHOD_MATCH = YES;
				COPY_PHASE_STRIP = NO;
				DEBUG_INFORMATION_FORMAT = "dwarf-with-dsym";
				DEVELOPMENT_TEAM = QYYB9FH2U5;
				ENABLE_NS_ASSERTIONS = NO;
				ENABLE_STRICT_OBJC_MSGSEND = YES;
				ENABLE_USER_SCRIPT_SANDBOXING = YES;
				GCC_C_LANGUAGE_STANDARD = gnu17;
				GCC_NO_COMMON_BLOCKS = YES;
				GCC_WARN_64_TO_32_BIT_CONVERSION = YES;
				GCC_WARN_ABOUT_RETURN_TYPE = YES_ERROR;
				GCC_WARN_UNDECLARED_SELECTOR = YES;
				GCC_WARN_UNINITIALIZED_AUTOS = YES_AGGRESSIVE;
				GCC_WARN_UNUSED_FUNCTION = YES;
				GCC_WARN_UNUSED_VARIABLE = YES;
				IPHONEOS_DEPLOYMENT_TARGET = 18.5;
				LOCALIZATION_PREFERS_STRING_CATALOGS = YES;
				MTL_ENABLE_DEBUG_INFO = NO;
				MTL_FAST_MATH = YES;
				SDKROOT = iphoneos;
				SWIFT_COMPILATION_MODE = wholemodule;
				VALIDATE_PRODUCT = YES;
			};
			name = Release;
		};
		E6997E212E8582CC0039AEBA /* Debug */ = {
			isa = XCBuildConfiguration;
			buildSettings = {
				ASSETCATALOG_COMPILER_APPICON_NAME = AppIcon;
				ASSETCATALOG_COMPILER_GLOBAL_ACCENT_COLOR_NAME = AccentColor;
				CODE_SIGN_STYLE = Automatic;
				CURRENT_PROJECT_VERSION = 1;
				DEVELOPMENT_TEAM = 9ZAW55JTRA;
				ENABLE_PREVIEWS = YES;
				EXCLUDED_ARCHS = "";
				FRAMEWORK_SEARCH_PATHS = (
					"$(inherited)",
					"$(PROJECT_DIR)",
				);
				GENERATE_INFOPLIST_FILE = YES;
				INFOPLIST_FILE = ProntoFoodDeliveryApp/Info.plist;
				INFOPLIST_KEY_CFBundleDisplayName = Pronto;
				INFOPLIST_KEY_LSApplicationCategoryType = "public.app-category.food-and-drink";
				INFOPLIST_KEY_NSLocationAlwaysAndWhenInUseUsageDescription = "We use your location to provide personalized recommendations even when the app is in background.";
				INFOPLIST_KEY_NSLocationAlwaysUsageDescription = "We use your location to personalize content and improve your experience.";
				INFOPLIST_KEY_NSLocationWhenInUseUsageDescription = "We use your location to show nearby restaurants and provide accurate delivery estimates.";
				INFOPLIST_KEY_NSUserTrackingUsageDescription = "We use tracking data to personalize your experience and show you relevant offers. This helps us understand your preferences and provide better recommendations.";
				INFOPLIST_KEY_UIApplicationSceneManifest_Generation = YES;
				INFOPLIST_KEY_UIApplicationSupportsIndirectInputEvents = YES;
				INFOPLIST_KEY_UILaunchScreen_Generation = YES;
				INFOPLIST_KEY_UISupportedInterfaceOrientations_iPad = "UIInterfaceOrientationPortrait UIInterfaceOrientationPortraitUpsideDown UIInterfaceOrientationLandscapeLeft UIInterfaceOrientationLandscapeRight";
				INFOPLIST_KEY_UISupportedInterfaceOrientations_iPhone = "UIInterfaceOrientationPortrait UIInterfaceOrientationLandscapeLeft UIInterfaceOrientationLandscapeRight";
				IPHONEOS_DEPLOYMENT_TARGET = 26.0;
				LD_RUNPATH_SEARCH_PATHS = (
					"$(inherited)",
					"@executable_path/Frameworks",
				);
				MARKETING_VERSION = 1.0.0;
				PRODUCT_BUNDLE_IDENTIFIER = com.bizcuit.pronto;
				PRODUCT_NAME = "$(TARGET_NAME)";
				SWIFT_EMIT_LOC_STRINGS = YES;
				SWIFT_VERSION = 5.0;
				TARGETED_DEVICE_FAMILY = "1,2";
			};
			name = Debug;
		};
		E6997E222E8582CC0039AEBA /* Release */ = {
			isa = XCBuildConfiguration;
			buildSettings = {
				ASSETCATALOG_COMPILER_APPICON_NAME = AppIcon;
				ASSETCATALOG_COMPILER_GLOBAL_ACCENT_COLOR_NAME = AccentColor;
				CODE_SIGN_STYLE = Automatic;
				CURRENT_PROJECT_VERSION = 1;
				DEVELOPMENT_TEAM = 9ZAW55JTRA;
				ENABLE_PREVIEWS = YES;
				FRAMEWORK_SEARCH_PATHS = (
					"$(inherited)",
					"$(PROJECT_DIR)",
				);
				GENERATE_INFOPLIST_FILE = YES;
				INFOPLIST_FILE = ProntoFoodDeliveryApp/Info.plist;
				INFOPLIST_KEY_CFBundleDisplayName = Pronto;
				INFOPLIST_KEY_LSApplicationCategoryType = "public.app-category.food-and-drink";
				INFOPLIST_KEY_NSLocationAlwaysAndWhenInUseUsageDescription = "We use your location to provide personalized recommendations even when the app is in background.";
				INFOPLIST_KEY_NSLocationAlwaysUsageDescription = "We use your location to personalize content and improve your experience.";
				INFOPLIST_KEY_NSLocationWhenInUseUsageDescription = "We use your location to show nearby restaurants and provide accurate delivery estimates.";
				INFOPLIST_KEY_NSUserTrackingUsageDescription = "We use tracking data to personalize your experience and show you relevant offers. This helps us understand your preferences and provide better recommendations.";
				INFOPLIST_KEY_UIApplicationSceneManifest_Generation = YES;
				INFOPLIST_KEY_UIApplicationSupportsIndirectInputEvents = YES;
				INFOPLIST_KEY_UILaunchScreen_Generation = YES;
				INFOPLIST_KEY_UISupportedInterfaceOrientations_iPad = "UIInterfaceOrientationPortrait UIInterfaceOrientationPortraitUpsideDown UIInterfaceOrientationLandscapeLeft UIInterfaceOrientationLandscapeRight";
				INFOPLIST_KEY_UISupportedInterfaceOrientations_iPhone = "UIInterfaceOrientationPortrait UIInterfaceOrientationLandscapeLeft UIInterfaceOrientationLandscapeRight";
				IPHONEOS_DEPLOYMENT_TARGET = 26.0;
				LD_RUNPATH_SEARCH_PATHS = (
					"$(inherited)",
					"@executable_path/Frameworks",
				);
				MARKETING_VERSION = 1.0.0;
				PRODUCT_BUNDLE_IDENTIFIER = com.bizcuit.pronto;
				PRODUCT_NAME = "$(TARGET_NAME)";
				SWIFT_EMIT_LOC_STRINGS = YES;
				SWIFT_VERSION = 5.0;
				TARGETED_DEVICE_FAMILY = "1,2";
			};
			name = Release;
		};
		E6997E242E8582CC0039AEBA /* Debug */ = {
			isa = XCBuildConfiguration;
			buildSettings = {
				BUNDLE_LOADER = "$(TEST_HOST)";
				CODE_SIGN_STYLE = Automatic;
				CURRENT_PROJECT_VERSION = 1;
				DEVELOPMENT_TEAM = QYYB9FH2U5;
				GENERATE_INFOPLIST_FILE = YES;
				IPHONEOS_DEPLOYMENT_TARGET = 18.5;
				MARKETING_VERSION = 1.0;
				PRODUCT_BUNDLE_IDENTIFIER = com.salesforce.pronto.fooddelivery.ProntoFoodDeliveryAppTests;
				PRODUCT_NAME = "$(TARGET_NAME)";
				SWIFT_EMIT_LOC_STRINGS = NO;
				SWIFT_VERSION = 5.0;
				TARGETED_DEVICE_FAMILY = "1,2";
				TEST_HOST = "$(BUILT_PRODUCTS_DIR)/ProntoFoodDeliveryApp.app/$(BUNDLE_EXECUTABLE_FOLDER_PATH)/ProntoFoodDeliveryApp";
			};
			name = Debug;
		};
		E6997E252E8582CC0039AEBA /* Release */ = {
			isa = XCBuildConfiguration;
			buildSettings = {
				BUNDLE_LOADER = "$(TEST_HOST)";
				CODE_SIGN_STYLE = Automatic;
				CURRENT_PROJECT_VERSION = 1;
				DEVELOPMENT_TEAM = QYYB9FH2U5;
				GENERATE_INFOPLIST_FILE = YES;
				IPHONEOS_DEPLOYMENT_TARGET = 18.5;
				MARKETING_VERSION = 1.0;
				PRODUCT_BUNDLE_IDENTIFIER = com.salesforce.pronto.fooddelivery.ProntoFoodDeliveryAppTests;
				PRODUCT_NAME = "$(TARGET_NAME)";
				SWIFT_EMIT_LOC_STRINGS = NO;
				SWIFT_VERSION = 5.0;
				TARGETED_DEVICE_FAMILY = "1,2";
				TEST_HOST = "$(BUILT_PRODUCTS_DIR)/ProntoFoodDeliveryApp.app/$(BUNDLE_EXECUTABLE_FOLDER_PATH)/ProntoFoodDeliveryApp";
			};
			name = Release;
		};
		E6997E272E8582CC0039AEBA /* Debug */ = {
			isa = XCBuildConfiguration;
			buildSettings = {
				CODE_SIGN_STYLE = Automatic;
				CURRENT_PROJECT_VERSION = 1;
				DEVELOPMENT_TEAM = QYYB9FH2U5;
				GENERATE_INFOPLIST_FILE = YES;
				MARKETING_VERSION = 1.0;
				PRODUCT_BUNDLE_IDENTIFIER = com.salesforce.pronto.fooddelivery.ProntoFoodDeliveryAppUITests;
				PRODUCT_NAME = "$(TARGET_NAME)";
				SWIFT_EMIT_LOC_STRINGS = NO;
				SWIFT_VERSION = 5.0;
				TARGETED_DEVICE_FAMILY = "1,2";
				TEST_TARGET_NAME = ProntoFoodDeliveryApp;
			};
			name = Debug;
		};
		E6997E282E8582CC0039AEBA /* Release */ = {
			isa = XCBuildConfiguration;
			buildSettings = {
				CODE_SIGN_STYLE = Automatic;
				CURRENT_PROJECT_VERSION = 1;
				DEVELOPMENT_TEAM = QYYB9FH2U5;
				GENERATE_INFOPLIST_FILE = YES;
				MARKETING_VERSION = 1.0;
				PRODUCT_BUNDLE_IDENTIFIER = com.salesforce.pronto.fooddelivery.ProntoFoodDeliveryAppUITests;
				PRODUCT_NAME = "$(TARGET_NAME)";
				SWIFT_EMIT_LOC_STRINGS = NO;
				SWIFT_VERSION = 5.0;
				TARGETED_DEVICE_FAMILY = "1,2";
				TEST_TARGET_NAME = ProntoFoodDeliveryApp;
			};
			name = Release;
		};
/* End XCBuildConfiguration section */

/* Begin XCConfigurationList section */
		E6997DF82E8582CB0039AEBA /* Build configuration list for PBXProject "ProntoFoodDeliveryApp" */ = {
			isa = XCConfigurationList;
			buildConfigurations = (
				E6997E1E2E8582CC0039AEBA /* Debug */,
				E6997E1F2E8582CC0039AEBA /* Release */,
			);
			defaultConfigurationIsVisible = 0;
			defaultConfigurationName = Release;
		};
		E6997E202E8582CC0039AEBA /* Build configuration list for PBXNativeTarget "ProntoFoodDeliveryApp" */ = {
			isa = XCConfigurationList;
			buildConfigurations = (
				E6997E212E8582CC0039AEBA /* Debug */,
				E6997E222E8582CC0039AEBA /* Release */,
			);
			defaultConfigurationIsVisible = 0;
			defaultConfigurationName = Release;
		};
		E6997E232E8582CC0039AEBA /* Build configuration list for PBXNativeTarget "ProntoFoodDeliveryAppTests" */ = {
			isa = XCConfigurationList;
			buildConfigurations = (
				E6997E242E8582CC0039AEBA /* Debug */,
				E6997E252E8582CC0039AEBA /* Release */,
			);
			defaultConfigurationIsVisible = 0;
			defaultConfigurationName = Release;
		};
		E6997E262E8582CC0039AEBA /* Build configuration list for PBXNativeTarget "ProntoFoodDeliveryAppUITests" */ = {
			isa = XCConfigurationList;
			buildConfigurations = (
				E6997E272E8582CC0039AEBA /* Debug */,
				E6997E282E8582CC0039AEBA /* Release */,
			);
			defaultConfigurationIsVisible = 0;
			defaultConfigurationName = Release;
		};
/* End XCConfigurationList section */

/* Begin XCRemoteSwiftPackageReference section */
		51E4CFE12FFCF61B00DE64B5 /* XCRemoteSwiftPackageReference "LowCode-IOS" */ = {
			isa = XCRemoteSwiftPackageReference;
			repositoryURL = "https://github.com/salesforce-marketingcloud/LowCode-IOS";
			requirement = {
				kind = upToNextMajorVersion;
				minimumVersion = 1.0.0;
			};
		};
		E6D3A7E92F0C24260010D3F1 /* XCRemoteSwiftPackageReference "Swift-Package-InAppMessaging" */ = {
			isa = XCRemoteSwiftPackageReference;
			repositoryURL = "https://github.com/Salesforce-Async-Messaging/Swift-Package-InAppMessaging";
			requirement = {
				kind = upToNextMajorVersion;
				minimumVersion = 1.10.2;
			};
		};
/* End XCRemoteSwiftPackageReference section */

/* Begin XCSwiftPackageProductDependency section */
		51E4CFE72FFCF76100DE64B5 /* LowCodeMobile */ = {
			isa = XCSwiftPackageProductDependency;
			package = 51E4CFE12FFCF61B00DE64B5 /* XCRemoteSwiftPackageReference "LowCode-IOS" */;
			productName = LowCodeMobile;
		};
		E6D3A7EA2F0C24AE0010D3F1 /* Swift-InAppMessaging */ = {
			isa = XCSwiftPackageProductDependency;
			package = E6D3A7E92F0C24260010D3F1 /* XCRemoteSwiftPackageReference "Swift-Package-InAppMessaging" */;
			productName = "Swift-InAppMessaging";
		};
/* End XCSwiftPackageProductDependency section */
	};
	rootObject = E6997DF52E8582CB0039AEBA /* Project object */;
}
