{
  "originHash" : "3525fa2a617b17b01413d2f792637dbc784bae6670f8790cfcccd66d64c8218a",
  "pins" : [
    {
      "identity" : "swift-package-inappmessaging",
      "kind" : "remoteSourceControl",
      "location" : "https://github.com/Salesforce-Async-Messaging/Swift-Package-InAppMessaging",
      "state" : {
        "revision" : "e409c44f2d9a42f4f315b4f48415ef19fa702688",
        "version" : "1.10.2"
      }
    }
  ],
  "version" : 3
}
